
Microsoft Visual Studio Solution File, Format Version 12.00
# Visual Studio Version 17
VisualStudioVersion = 17.10.35027.167
MinimumVisualStudioVersion = 10.0.40219.1
Project("{FAE04EC0-301F-11D3-BF4B-00C04F79EFBC}") = "BookApp", "BookApp.csproj", "{42BA36F7-69D6-4586-9A2E-3491EF641E6C}"
EndProject
Global
	GlobalSection(SolutionConfigurationPlatforms) = preSolution
		Debug|Any CPU = Debug|Any CPU
		Release|Any CPU = Release|Any CPU
	EndGlobalSection
	GlobalSection(ProjectConfigurationPlatforms) = postSolution
		{42BA36F7-69D6-4586-9A2E-3491EF641E6C}.Debug|Any CPU.ActiveCfg = Debug|Any CPU
		{42BA36F7-69D6-4586-9A2E-3491EF641E6C}.Debug|Any CPU.Build.0 = Debug|Any CPU
		{42BA36F7-69D6-4586-9A2E-3491EF641E6C}.Release|Any CPU.ActiveCfg = Release|Any CPU
		{42BA36F7-69D6-4586-9A2E-3491EF641E6C}.Release|Any CPU.Build.0 = Release|Any CPU
	EndGlobalSection
	GlobalSection(SolutionProperties) = preSolution
		HideSolutionNode = FALSE
	EndGlobalSection
	GlobalSection(ExtensibilityGlobals) = postSolution
		SolutionGuid = {AE31C215-8BCE-439E-8902-40091D3D88AE}
	EndGlobalSection
EndGlobal
